Microsoft Visual Studio Solution File, Format Version 12.00
# Visual Studio 15
VisualStudioVersion = 15.0.27130.2010
MinimumVisualStudioVersion = 10.0.40219.1
Project("{9A19103F-16F7-4668-BE54-9A1E7A4F7556}") = "Abstractions", "Abstractions\Abstractions.csproj", "{1DDE848A-425D-43D0-921C-5BCAB176576F}"
EndProject
Project("{9A19103F-16F7-4668-BE54-9A1E7A4F7556}") = "Abstractions.FullyConcrete", "Abstractions.FullyConcrete\Abstractions.FullyConcrete.csproj", "{62D590DC-A59A-4107-81C9-A253078048AE}"
EndProject
Project("{9A19103F-16F7-4668-BE54-9A1E7A4F7556}") = "Abstractions.Common", "Abstractions.Common\Abstractions.Common.csproj", "{6F514DDF-128F-45D6-AFA6-10BF0B9D8932}"
EndProject
Project("{9A19103F-16F7-4668-BE54-9A1E7A4F7556}") = "Abstractions.MoreAbstract", "Abstractions.MoreAbstract\Abstractions.MoreAbstract.csproj", "{5CF016B6-4245-4448-9BA0-8FE3D7031C3B}"
EndProject
Project("{9A19103F-16F7-4668-BE54-9A1E7A4F7556}") = "Abstractions.VeryAbstract", "Abstractions.VeryAbstract\Abstractions.VeryAbstract.csproj", "{35C86758-1708-4397-A7F6-3A53B0E2EFF0}"
EndProject
Project("{9A19103F-16F7-4668-BE54-9A1E7A4F7556}") = "Abstractions.MultipleFullyConcrete", "Abstractions.MultipleFullyConcrete\Abstractions.MultipleFullyConcrete.csproj", "{AA688A92-46D2-4802-83C3-C1133FB19C14}"
EndProject
Project("{FAE04EC0-301F-11D3-BF4B-00C04F79EFBC}") = "Abstractions.DI", "Abstractions.DI\Abstractions.DI.csproj", "{F4B62346-0909-4FC3-8472-91A09F48F834}"
EndProject
Global
	GlobalSection(SolutionConfigurationPlatforms) = preSolution
		Debug|Any CPU = Debug|Any CPU
		Release|Any CPU = Release|Any CPU
	EndGlobalSection
	GlobalSection(ProjectConfigurationPlatforms) = postSolution
		{1DDE848A-425D-43D0-921C-5BCAB176576F}.Debug|Any CPU.ActiveCfg = Debug|Any CPU
		{1DDE848A-425D-43D0-921C-5BCAB176576F}.Debug|Any CPU.Build.0 = Debug|Any CPU
		{1DDE848A-425D-43D0-921C-5BCAB176576F}.Release|Any CPU.ActiveCfg = Release|Any CPU
		{1DDE848A-425D-43D0-921C-5BCAB176576F}.Release|Any CPU.Build.0 = Release|Any CPU
		{62D590DC-A59A-4107-81C9-A253078048AE}.Debug|Any CPU.ActiveCfg = Debug|Any CPU
		{62D590DC-A59A-4107-81C9-A253078048AE}.Debug|Any CPU.Build.0 = Debug|Any CPU
		{62D590DC-A59A-4107-81C9-A253078048AE}.Release|Any CPU.ActiveCfg = Release|Any CPU
		{62D590DC-A59A-4107-81C9-A253078048AE}.Release|Any CPU.Build.0 = Release|Any CPU
		{6F514DDF-128F-45D6-AFA6-10BF0B9D8932}.Debug|Any CPU.ActiveCfg = Debug|Any CPU
		{6F514DDF-128F-45D6-AFA6-10BF0B9D8932}.Debug|Any CPU.Build.0 = Debug|Any CPU
		{6F514DDF-128F-45D6-AFA6-10BF0B9D8932}.Release|Any CPU.ActiveCfg = Release|Any CPU
		{6F514DDF-128F-45D6-AFA6-10BF0B9D8932}.Release|Any CPU.Build.0 = Release|Any CPU
		{5CF016B6-4245-4448-9BA0-8FE3D7031C3B}.Debug|Any CPU.ActiveCfg = Debug|Any CPU
		{5CF016B6-4245-4448-9BA0-8FE3D7031C3B}.Debug|Any CPU.Build.0 = Debug|Any CPU
		{5CF016B6-4245-4448-9BA0-8FE3D7031C3B}.Release|Any CPU.ActiveCfg = Release|Any CPU
		{5CF016B6-4245-4448-9BA0-8FE3D7031C3B}.Release|Any CPU.Build.0 = Release|Any CPU
		{35C86758-1708-4397-A7F6-3A53B0E2EFF0}.Debug|Any CPU.ActiveCfg = Debug|Any CPU
		{35C86758-1708-4397-A7F6-3A53B0E2EFF0}.Debug|Any CPU.Build.0 = Debug|Any CPU
		{35C86758-1708-4397-A7F6-3A53B0E2EFF0}.Release|Any CPU.ActiveCfg = Release|Any CPU
		{35C86758-1708-4397-A7F6-3A53B0E2EFF0}.Release|Any CPU.Build.0 = Release|Any CPU
		{AA688A92-46D2-4802-83C3-C1133FB19C14}.Debug|Any CPU.ActiveCfg = Debug|Any CPU
		{AA688A92-46D2-4802-83C3-C1133FB19C14}.Debug|Any CPU.Build.0 = Debug|Any CPU
		{AA688A92-46D2-4802-83C3-C1133FB19C14}.Release|Any CPU.ActiveCfg = Release|Any CPU
		{AA688A92-46D2-4802-83C3-C1133FB19C14}.Release|Any CPU.Build.0 = Release|Any CPU
		{F4B62346-0909-4FC3-8472-91A09F48F834}.Debug|Any CPU.ActiveCfg = Debug|Any CPU
		{F4B62346-0909-4FC3-8472-91A09F48F834}.Debug|Any CPU.Build.0 = Debug|Any CPU
		{F4B62346-0909-4FC3-8472-91A09F48F834}.Release|Any CPU.ActiveCfg = Release|Any CPU
		{F4B62346-0909-4FC3-8472-91A09F48F834}.Release|Any CPU.Build.0 = Release|Any CPU
	EndGlobalSection
	GlobalSection(SolutionProperties) = preSolution
		HideSolutionNode = FALSE
	EndGlobalSection
	GlobalSection(ExtensibilityGlobals) = postSolution
		SolutionGuid = {4FACC67D-5A36-469B-A7D8-B9F7100246C1}
	EndGlobalSection
	GlobalSection(MonoDevelopProperties) = preSolution
		Policies = $0
		$0.DotNetNamingPolicy = $1
		$1.DirectoryNamespaceAssociation = PrefixedHierarchical
		$0.TextStylePolicy = $4
		$2.inheritsSet = null
		$2.scope = text/x-csharp
		$0.CSharpFormattingPolicy = $3
		$3.scope = text/x-csharp
		$4.FileWidth = 80
		$4.TabsToSpaces = True
		$4.scope = text/plain
		$0.StandardHeader = $5
		$0.VersionControlPolicy = $6
	EndGlobalSection
EndGlobal
